<?xml version="1.0" encoding="utf-8"?>
<Project ToolsVersion="4.0" xmlns="http://schemas.microsoft.com/developer/msbuild/2003">
  <ItemGroup>
    <ClCompile Include="algorithms.cpp" />
    <ClCompile Include="algorithm_factories.cpp" />
    <ClCompile Include="matrix_factory.cpp" />
    <ClCompile Include="preconditioner_factories.cpp" />
    <ClCompile Include="SequentialCPUSolver.cpp" />
    <ClCompile Include="SequentialGPUSolver.cpp" />
    <ClCompile Include="SimpleCPUSolver.cpp" />
    <ClCompile Include="SimpleGPUSolver.cpp" />
    <ClCompile Include="Solver.cpp" />
    <ClCompile Include="solver_factory.cpp" />
    <ClCompile Include="sparse_equation_solver.cpp" />
    <ClCompile Include="pch.cpp" />
    <ClCompile Include="utilities.cpp" />
    <ClCompile Include="vector_factory.cpp" />
  </ItemGroup>
  <ItemGroup>
    <ClInclude Include="converters.h" />
    <ClInclude Include="CPUSolver.h" />
    <ClInclude Include="GPUSolver.h" />
    <ClInclude Include="algorithms.h" />
    <ClInclude Include="IPreconditioner.h" />
    <ClInclude Include="matrix_factory.h" />
    <ClInclude Include="SequentialCPUSolver.h" />
    <ClInclude Include="SequentialGPUSolver.h" />
    <ClInclude Include="SimpleCPUSolver.h" />
    <ClInclude Include="SimpleGPUSolver.h" />
    <ClInclude Include="Solver.h" />
    <ClInclude Include="solver_factory.h" />
    <ClInclude Include="sparse_equation_solver.h" />
    <ClInclude Include="framework.h" />
    <ClInclude Include="pch.h" />
    <ClInclude Include="utilities.h" />
    <ClInclude Include="vector_factory.h" />
  </ItemGroup>
</Project>